
Microsoft Visual Studio Solution File, Format Version 12.00
# Visual Studio Version 17
VisualStudioVersion = 17.3.32929.385
MinimumVisualStudioVersion = 10.0.40219.1
Project("{FAE04EC0-301F-11D3-BF4B-00C04F79EFBC}") = "assignment5", "assignment5\assignment5.csproj", "{E2EE1C44-9426-4FB5-A441-50448518560F}"
EndProject
Global
	GlobalSection(SolutionConfigurationPlatforms) = preSolution
		Debug|Any CPU = Debug|Any CPU
		Release|Any CPU = Release|Any CPU
	EndGlobalSection
	GlobalSection(ProjectConfigurationPlatforms) = postSolution
		{E2EE1C44-9426-4FB5-A441-50448518560F}.Debug|Any CPU.ActiveCfg = Debug|Any CPU
		{E2EE1C44-9426-4FB5-A441-50448518560F}.Debug|Any CPU.Build.0 = Debug|Any CPU
		{E2EE1C44-9426-4FB5-A441-50448518560F}.Release|Any CPU.ActiveCfg = Release|Any CPU
		{E2EE1C44-9426-4FB5-A441-50448518560F}.Release|Any CPU.Build.0 = Release|Any CPU
	EndGlobalSection
	GlobalSection(SolutionProperties) = preSolution
		HideSolutionNode = FALSE
	EndGlobalSection
	GlobalSection(ExtensibilityGlobals) = postSolution
		SolutionGuid = {61CE5ED1-3BD3-499C-871D-29CBE9D627CB}
	EndGlobalSection
EndGlobal
