
Microsoft Visual Studio Solution File, Format Version 12.00
# Visual Studio Version 17
VisualStudioVersion = 17.3.32929.385
MinimumVisualStudioVersion = 10.0.40219.1
Project("{FAE04EC0-301F-11D3-BF4B-00C04F79EFBC}") = "assingment6", "assingment6\assingment6.csproj", "{F6E231F5-3A30-4C71-A910-1469C2AF69E7}"
EndProject
Global
	GlobalSection(SolutionConfigurationPlatforms) = preSolution
		Debug|Any CPU = Debug|Any CPU
		Release|Any CPU = Release|Any CPU
	EndGlobalSection
	GlobalSection(ProjectConfigurationPlatforms) = postSolution
		{F6E231F5-3A30-4C71-A910-1469C2AF69E7}.Debug|Any CPU.ActiveCfg = Debug|Any CPU
		{F6E231F5-3A30-4C71-A910-1469C2AF69E7}.Debug|Any CPU.Build.0 = Debug|Any CPU
		{F6E231F5-3A30-4C71-A910-1469C2AF69E7}.Release|Any CPU.ActiveCfg = Release|Any CPU
		{F6E231F5-3A30-4C71-A910-1469C2AF69E7}.Release|Any CPU.Build.0 = Release|Any CPU
	EndGlobalSection
	GlobalSection(SolutionProperties) = preSolution
		HideSolutionNode = FALSE
	EndGlobalSection
	GlobalSection(ExtensibilityGlobals) = postSolution
		SolutionGuid = {5DDD47B8-5AED-4EDB-BC42-33A7FD14E54D}
	EndGlobalSection
EndGlobal
